
Microsoft Visual Studio Solution File, Format Version 12.00
# Visual Studio Version 17
VisualStudioVersion = 17.10.35013.160
MinimumVisualStudioVersion = 10.0.40219.1
Project("{9A19103F-16F7-4668-BE54-9A1E7A4F7556}") = "LeetCode.Arrays", "LeetCode.SquaresOfSortedArray\LeetCode.Arrays.csproj", "{4F19F81E-62E9-48D8-8DDC-DEBB8A5FB759}"
EndProject
Project("{2150E333-8FDC-42A3-9474-1A3956D46DE8}") = "Solution Items", "Solution Items", "{6E665A3B-09E7-48C8-81B2-23AC668D8378}"
	ProjectSection(SolutionItems) = preProject
		README.md = README.md
	EndProjectSection
EndProject
Project("{FAE04EC0-301F-11D3-BF4B-00C04F79EFBC}") = "LeetCode.ArraysTests", "LeetCode.ArraysTests\LeetCode.ArraysTests.csproj", "{3D394D14-6782-46DE-A528-72DF3E62DFDB}"
EndProject
Project("{FAE04EC0-301F-11D3-BF4B-00C04F79EFBC}") = "LeetCode.Easy", "NeetCode.Easy\LeetCode.Easy.csproj", "{69AD9408-1C73-4983-A0FB-A04E76690A64}"
EndProject
Project("{FAE04EC0-301F-11D3-BF4B-00C04F79EFBC}") = "LeetCode.EasyTests", "NeetCode.EasyTests\LeetCode.EasyTests.csproj", "{C6DC2D62-8EE9-4427-BA34-A0D01DF9FF4B}"
EndProject
Global
	GlobalSection(SolutionConfigurationPlatforms) = preSolution
		Debug|Any CPU = Debug|Any CPU
		Release|Any CPU = Release|Any CPU
	EndGlobalSection
	GlobalSection(ProjectConfigurationPlatforms) = postSolution
		{4F19F81E-62E9-48D8-8DDC-DEBB8A5FB759}.Debug|Any CPU.ActiveCfg = Debug|Any CPU
		{4F19F81E-62E9-48D8-8DDC-DEBB8A5FB759}.Debug|Any CPU.Build.0 = Debug|Any CPU
		{4F19F81E-62E9-48D8-8DDC-DEBB8A5FB759}.Release|Any CPU.ActiveCfg = Release|Any CPU
		{4F19F81E-62E9-48D8-8DDC-DEBB8A5FB759}.Release|Any CPU.Build.0 = Release|Any CPU
		{3D394D14-6782-46DE-A528-72DF3E62DFDB}.Debug|Any CPU.ActiveCfg = Debug|Any CPU
		{3D394D14-6782-46DE-A528-72DF3E62DFDB}.Debug|Any CPU.Build.0 = Debug|Any CPU
		{3D394D14-6782-46DE-A528-72DF3E62DFDB}.Release|Any CPU.ActiveCfg = Release|Any CPU
		{3D394D14-6782-46DE-A528-72DF3E62DFDB}.Release|Any CPU.Build.0 = Release|Any CPU
		{69AD9408-1C73-4983-A0FB-A04E76690A64}.Debug|Any CPU.ActiveCfg = Debug|Any CPU
		{69AD9408-1C73-4983-A0FB-A04E76690A64}.Debug|Any CPU.Build.0 = Debug|Any CPU
		{69AD9408-1C73-4983-A0FB-A04E76690A64}.Release|Any CPU.ActiveCfg = Release|Any CPU
		{69AD9408-1C73-4983-A0FB-A04E76690A64}.Release|Any CPU.Build.0 = Release|Any CPU
		{C6DC2D62-8EE9-4427-BA34-A0D01DF9FF4B}.Debug|Any CPU.ActiveCfg = Debug|Any CPU
		{C6DC2D62-8EE9-4427-BA34-A0D01DF9FF4B}.Debug|Any CPU.Build.0 = Debug|Any CPU
		{C6DC2D62-8EE9-4427-BA34-A0D01DF9FF4B}.Release|Any CPU.ActiveCfg = Release|Any CPU
		{C6DC2D62-8EE9-4427-BA34-A0D01DF9FF4B}.Release|Any CPU.Build.0 = Release|Any CPU
	EndGlobalSection
	GlobalSection(SolutionProperties) = preSolution
		HideSolutionNode = FALSE
	EndGlobalSection
	GlobalSection(ExtensibilityGlobals) = postSolution
		SolutionGuid = {6BD5F066-B6EC-49D8-B01D-74494E202B86}
	EndGlobalSection
EndGlobal
