
Microsoft Visual Studio Solution File, Format Version 12.00
# Visual Studio Version 17
VisualStudioVersion = 17.10.35013.160
MinimumVisualStudioVersion = 10.0.40219.1
Project("{2150E333-8FDC-42A3-9474-1A3956D46DE8}") = "Solution Items", "Solution Items", "{6E665A3B-09E7-48C8-81B2-23AC668D8378}"
	ProjectSection(SolutionItems) = preProject
		README.md = README.md
	EndProjectSection
EndProject
Project("{FAE04EC0-301F-11D3-BF4B-00C04F79EFBC}") = "LeetCode.Arrays", "LeetCode.Arrays\LeetCode.Arrays.csproj", "{0831BE36-A852-1E94-9A6C-5886E4D9E038}"
EndProject
Project("{FAE04EC0-301F-11D3-BF4B-00C04F79EFBC}") = "LeetCode.ArraysTests", "LeetCode.ArraysTests\LeetCode.ArraysTests.csproj", "{4802802A-B3EB-87D1-3EBA-3A47D93C7140}"
EndProject
Project("{FAE04EC0-301F-11D3-BF4B-00C04F79EFBC}") = "LeetCode.Easy", "LeetCode.Easy\LeetCode.Easy.csproj", "{7F18620B-0283-F212-93BA-A7E0C4DEE214}"
EndProject
Project("{FAE04EC0-301F-11D3-BF4B-00C04F79EFBC}") = "LeetCode.EasyTests", "LeetCode.EasyTests\LeetCode.EasyTests.csproj", "{CFD0DD1D-6B5C-0099-293A-2EE27488FBC1}"
EndProject
Project("{FAE04EC0-301F-11D3-BF4B-00C04F79EFBC}") = "LeetCode.Medium", "LeetCode.Medium\LeetCode.Medium.csproj", "{48D0928A-DC6A-4191-904E-BA89DC7A77C0}"
EndProject
Project("{FAE04EC0-301F-11D3-BF4B-00C04F79EFBC}") = "LeetCode.MediumTests", "LeetCode.MediumTests\LeetCode.MediumTests.csproj", "{0FB39A96-9127-4588-8839-4E82FC4DE25C}"
EndProject
Global
	GlobalSection(SolutionConfigurationPlatforms) = preSolution
		Debug|Any CPU = Debug|Any CPU
		Release|Any CPU = Release|Any CPU
	EndGlobalSection
	GlobalSection(ProjectConfigurationPlatforms) = postSolution
		{0831BE36-A852-1E94-9A6C-5886E4D9E038}.Debug|Any CPU.ActiveCfg = Debug|Any CPU
		{0831BE36-A852-1E94-9A6C-5886E4D9E038}.Debug|Any CPU.Build.0 = Debug|Any CPU
		{0831BE36-A852-1E94-9A6C-5886E4D9E038}.Release|Any CPU.ActiveCfg = Release|Any CPU
		{0831BE36-A852-1E94-9A6C-5886E4D9E038}.Release|Any CPU.Build.0 = Release|Any CPU
		{4802802A-B3EB-87D1-3EBA-3A47D93C7140}.Debug|Any CPU.ActiveCfg = Debug|Any CPU
		{4802802A-B3EB-87D1-3EBA-3A47D93C7140}.Debug|Any CPU.Build.0 = Debug|Any CPU
		{4802802A-B3EB-87D1-3EBA-3A47D93C7140}.Release|Any CPU.ActiveCfg = Release|Any CPU
		{4802802A-B3EB-87D1-3EBA-3A47D93C7140}.Release|Any CPU.Build.0 = Release|Any CPU
		{7F18620B-0283-F212-93BA-A7E0C4DEE214}.Debug|Any CPU.ActiveCfg = Debug|Any CPU
		{7F18620B-0283-F212-93BA-A7E0C4DEE214}.Debug|Any CPU.Build.0 = Debug|Any CPU
		{7F18620B-0283-F212-93BA-A7E0C4DEE214}.Release|Any CPU.ActiveCfg = Release|Any CPU
		{7F18620B-0283-F212-93BA-A7E0C4DEE214}.Release|Any CPU.Build.0 = Release|Any CPU
		{CFD0DD1D-6B5C-0099-293A-2EE27488FBC1}.Debug|Any CPU.ActiveCfg = Debug|Any CPU
		{CFD0DD1D-6B5C-0099-293A-2EE27488FBC1}.Debug|Any CPU.Build.0 = Debug|Any CPU
		{CFD0DD1D-6B5C-0099-293A-2EE27488FBC1}.Release|Any CPU.ActiveCfg = Release|Any CPU
		{CFD0DD1D-6B5C-0099-293A-2EE27488FBC1}.Release|Any CPU.Build.0 = Release|Any CPU
		{48D0928A-DC6A-4191-904E-BA89DC7A77C0}.Debug|Any CPU.ActiveCfg = Debug|Any CPU
		{48D0928A-DC6A-4191-904E-BA89DC7A77C0}.Debug|Any CPU.Build.0 = Debug|Any CPU
		{48D0928A-DC6A-4191-904E-BA89DC7A77C0}.Release|Any CPU.ActiveCfg = Release|Any CPU
		{48D0928A-DC6A-4191-904E-BA89DC7A77C0}.Release|Any CPU.Build.0 = Release|Any CPU
		{0FB39A96-9127-4588-8839-4E82FC4DE25C}.Debug|Any CPU.ActiveCfg = Debug|Any CPU
		{0FB39A96-9127-4588-8839-4E82FC4DE25C}.Debug|Any CPU.Build.0 = Debug|Any CPU
		{0FB39A96-9127-4588-8839-4E82FC4DE25C}.Release|Any CPU.ActiveCfg = Release|Any CPU
		{0FB39A96-9127-4588-8839-4E82FC4DE25C}.Release|Any CPU.Build.0 = Release|Any CPU
	EndGlobalSection
	GlobalSection(SolutionProperties) = preSolution
		HideSolutionNode = FALSE
	EndGlobalSection
	GlobalSection(ExtensibilityGlobals) = postSolution
		SolutionGuid = {6BD5F066-B6EC-49D8-B01D-74494E202B86}
	EndGlobalSection
EndGlobal
